
Microsoft Visual Studio Solution File, Format Version 12.00
# Visual Studio 14
VisualStudioVersion = 14.0.25123.0
MinimumVisualStudioVersion = 10.0.40219.1
Project("{A565438E-4DF8-4875-BBB6-50BCB5E3E837}") = "Sitecore.Support.196765", "Sitecore.Support.196765\Sitecore.Support.196765.csproj", "{B997B1C0-3CDE-4996-A28C-C5C364A41907}"
EndProject
Global
	GlobalSection(SolutionConfigurationPlatforms) = preSolution
		Debug|Any CPU = Debug|Any CPU
		Release|Any CPU = Release|Any CPU
	EndGlobalSection
	GlobalSection(ProjectConfigurationPlatforms) = postSolution
		{B997B1C0-3CDE-4996-A28C-C5C364A41907}.Debug|Any CPU.ActiveCfg = Debug|Any CPU
		{B997B1C0-3CDE-4996-A28C-C5C364A41907}.Debug|Any CPU.Build.0 = Debug|Any CPU
		{B997B1C0-3CDE-4996-A28C-C5C364A41907}.Release|Any CPU.ActiveCfg = Release|Any CPU
		{B997B1C0-3CDE-4996-A28C-C5C364A41907}.Release|Any CPU.Build.0 = Release|Any CPU
	EndGlobalSection
	GlobalSection(SolutionProperties) = preSolution
		HideSolutionNode = FALSE
	EndGlobalSection
EndGlobal
